# This file is automatically @generated by Poetry 1.7.1 and should not be changed by hand.

[[package]]
name = "pyjulia"
version = "0.0.6"
description = "A package that allows to use Julia within Python."
optional = false
python-versions = ">=3.5"
files = [
    {file = "pyjulia-0.0.6-py3-none-any.whl", hash = "sha256:a432a8e6ef565320e1cc991946bfe230f1f13b6571c1ec9e34494bd9415c8f2d"},
    {file = "pyjulia-0.0.6.tar.gz", hash = "sha256:6deeae2c4fb500b088e4d7ad52db3c8296e9e50e1fa813afa64886f0a227305f"},
]

[metadata]
lock-version = "2.0"
python-versions = "^3.11"
content-hash = "9369f917529bc84c75e74431e302bb68a090b62a43d77fe0f3a85489d5dd1cd7"
